
Microsoft Visual Studio Solution File, Format Version 12.00
# Visual Studio Version 16
VisualStudioVersion = 16.0.30804.86
MinimumVisualStudioVersion = 10.0.40219.1
Project("{FAE04EC0-301F-11D3-BF4B-00C04F79EFBC}") = "atividade_logica_n2", "atividade_logica_n2\atividade_logica_n2.csproj", "{E39AC7BD-2493-4A11-B9BB-3C0AAE65451B}"
EndProject
Global
	GlobalSection(SolutionConfigurationPlatforms) = preSolution
		Debug|Any CPU = Debug|Any CPU
		Release|Any CPU = Release|Any CPU
	EndGlobalSection
	GlobalSection(ProjectConfigurationPlatforms) = postSolution
		{E39AC7BD-2493-4A11-B9BB-3C0AAE65451B}.Debug|Any CPU.ActiveCfg = Debug|Any CPU
		{E39AC7BD-2493-4A11-B9BB-3C0AAE65451B}.Debug|Any CPU.Build.0 = Debug|Any CPU
		{E39AC7BD-2493-4A11-B9BB-3C0AAE65451B}.Release|Any CPU.ActiveCfg = Release|Any CPU
		{E39AC7BD-2493-4A11-B9BB-3C0AAE65451B}.Release|Any CPU.Build.0 = Release|Any CPU
	EndGlobalSection
	GlobalSection(SolutionProperties) = preSolution
		HideSolutionNode = FALSE
	EndGlobalSection
	GlobalSection(ExtensibilityGlobals) = postSolution
		SolutionGuid = {F9A3F74D-2821-4BA2-9A38-F5A58B4106FB}
	EndGlobalSection
EndGlobal
