
Microsoft Visual Studio Solution File, Format Version 12.00
# Visual Studio Version 16
VisualStudioVersion = 16.0.30804.86
MinimumVisualStudioVersion = 10.0.40219.1
Project("{FAE04EC0-301F-11D3-BF4B-00C04F79EFBC}") = "atividade_logica_n13", "atividade_logica_n13\atividade_logica_n13.csproj", "{7E3B2142-CF1F-4984-A87F-FD7B10961126}"
EndProject
Global
	GlobalSection(SolutionConfigurationPlatforms) = preSolution
		Debug|Any CPU = Debug|Any CPU
		Release|Any CPU = Release|Any CPU
	EndGlobalSection
	GlobalSection(ProjectConfigurationPlatforms) = postSolution
		{7E3B2142-CF1F-4984-A87F-FD7B10961126}.Debug|Any CPU.ActiveCfg = Debug|Any CPU
		{7E3B2142-CF1F-4984-A87F-FD7B10961126}.Debug|Any CPU.Build.0 = Debug|Any CPU
		{7E3B2142-CF1F-4984-A87F-FD7B10961126}.Release|Any CPU.ActiveCfg = Release|Any CPU
		{7E3B2142-CF1F-4984-A87F-FD7B10961126}.Release|Any CPU.Build.0 = Release|Any CPU
	EndGlobalSection
	GlobalSection(SolutionProperties) = preSolution
		HideSolutionNode = FALSE
	EndGlobalSection
	GlobalSection(ExtensibilityGlobals) = postSolution
		SolutionGuid = {B2C6E79C-2FF9-43A6-8E7B-199287C9A0AF}
	EndGlobalSection
EndGlobal
